// !$*UTF8*$!
{
	archiveVersion = 1;
	classes = {
	};
	objectVersion = 55;
	objects = {

/* Begin PBXBuildFile section */
		BF1800752836160300C6FCCE /* ValogentApp.swift in Sources */ = {isa = PBXBuildFile; fileRef = BF1800742836160300C6FCCE /* ValogentApp.swift */; };
		BF1800772836160300C6FCCE /* ContentView.swift in Sources */ = {isa = PBXBuildFile; fileRef = BF1800762836160300C6FCCE /* ContentView.swift */; };
		BF1800792836160600C6FCCE /* Assets.xcassets in Resources */ = {isa = PBXBuildFile; fileRef = BF1800782836160600C6FCCE /* Assets.xcassets */; };
		BF18007C2836160600C6FCCE /* Preview Assets.xcassets in Resources */ = {isa = PBXBuildFile; fileRef = BF18007B2836160600C6FCCE /* Preview Assets.xcassets */; };
		BF1800832836305B00C6FCCE /* ProfileView.swift in Sources */ = {isa = PBXBuildFile; fileRef = BF1800822836305B00C6FCCE /* ProfileView.swift */; };
		BF18009528365F0800C6FCCE /* HomeView.swift in Sources */ = {isa = PBXBuildFile; fileRef = BF18009428365F0800C6FCCE /* HomeView.swift */; };
		BF1800982836822300C6FCCE /* ProfileCareerCardView.swift in Sources */ = {isa = PBXBuildFile; fileRef = BF1800972836822300C6FCCE /* ProfileCareerCardView.swift */; };
		BF18009C2838794200C6FCCE /* ModelData.swift in Sources */ = {isa = PBXBuildFile; fileRef = BF18009B2838794200C6FCCE /* ModelData.swift */; };
		BF18009E28387A4F00C6FCCE /* AgentData.swift in Sources */ = {isa = PBXBuildFile; fileRef = BF18009D28387A4F00C6FCCE /* AgentData.swift */; };
		BF1FD87A283A70E1007ED618 /* IndexCollection.swift in Sources */ = {isa = PBXBuildFile; fileRef = BF1FD879283A70E1007ED618 /* IndexCollection.swift */; };
		BF91B15D283A4FB0002223B1 /* FavoriteButton.swift in Sources */ = {isa = PBXBuildFile; fileRef = BF91B15C283A4FB0002223B1 /* FavoriteButton.swift */; };
/* End PBXBuildFile section */

/* Begin PBXFileReference section */
		BF1800712836160300C6FCCE /* Valogent.app */ = {isa = PBXFileReference; explicitFileType = wrapper.application; includeInIndex = 0; path = Valogent.app; sourceTree = BUILT_PRODUCTS_DIR; };
		BF1800742836160300C6FCCE /* ValogentApp.swift */ = {isa = PBXFileReference; lastKnownFileType = sourcecode.swift; path = ValogentApp.swift; sourceTree = "<group>"; };
		BF1800762836160300C6FCCE /* ContentView.swift */ = {isa = PBXFileReference; lastKnownFileType = sourcecode.swift; path = ContentView.swift; sourceTree = "<group>"; };
		BF1800782836160600C6FCCE /* Assets.xcassets */ = {isa = PBXFileReference; lastKnownFileType = folder.assetcatalog; path = Assets.xcassets; sourceTree = "<group>"; };
		BF18007B2836160600C6FCCE /* Preview Assets.xcassets */ = {isa = PBXFileReference; lastKnownFileType = folder.assetcatalog; path = "Preview Assets.xcassets"; sourceTree = "<group>"; };
		BF1800822836305B00C6FCCE /* ProfileView.swift */ = {isa = PBXFileReference; lastKnownFileType = sourcecode.swift; path = ProfileView.swift; sourceTree = "<group>"; };
		BF18009428365F0800C6FCCE /* HomeView.swift */ = {isa = PBXFileReference; lastKnownFileType = sourcecode.swift; path = HomeView.swift; sourceTree = "<group>"; };
		BF1800972836822300C6FCCE /* ProfileCareerCardView.swift */ = {isa = PBXFileReference; lastKnownFileType = sourcecode.swift; path = ProfileCareerCardView.swift; sourceTree = "<group>"; };
		BF18009B2838794200C6FCCE /* ModelData.swift */ = {isa = PBXFileReference; lastKnownFileType = sourcecode.swift; path = ModelData.swift; sourceTree = "<group>"; };
		BF18009D28387A4F00C6FCCE /* AgentData.swift */ = {isa = PBXFileReference; lastKnownFileType = sourcecode.swift; path = AgentData.swift; sourceTree = "<group>"; };
		BF1FD879283A70E1007ED618 /* IndexCollection.swift */ = {isa = PBXFileReference; lastKnownFileType = sourcecode.swift; path = IndexCollection.swift; sourceTree = "<group>"; };
		BF91B15C283A4FB0002223B1 /* FavoriteButton.swift */ = {isa = PBXFileReference; lastKnownFileType = sourcecode.swift; path = FavoriteButton.swift; sourceTree = "<group>"; };
/* End PBXFileReference section */

/* Begin PBXFrameworksBuildPhase section */
		BF18006E2836160300C6FCCE /* Frameworks */ = {
			isa = PBXFrameworksBuildPhase;
			buildActionMask = 2147483647;
			files = (
			);
			runOnlyForDeploymentPostprocessing = 0;
		};
/* End PBXFrameworksBuildPhase section */

/* Begin PBXGroup section */
		BF1800682836160300C6FCCE = {
			isa = PBXGroup;
			children = (
				BF1800732836160300C6FCCE /* Valogent */,
				BF1800722836160300C6FCCE /* Products */,
			);
			sourceTree = "<group>";
		};
		BF1800722836160300C6FCCE /* Products */ = {
			isa = PBXGroup;
			children = (
				BF1800712836160300C6FCCE /* Valogent.app */,
			);
			name = Products;
			sourceTree = "<group>";
		};
		BF1800732836160300C6FCCE /* Valogent */ = {
			isa = PBXGroup;
			children = (
				BF91B15B283A4F9A002223B1 /* Helpers */,
				BF18009A28373A7900C6FCCE /* Models */,
				BF180084283636D200C6FCCE /* Views */,
				BF1800742836160300C6FCCE /* ValogentApp.swift */,
				BF1800782836160600C6FCCE /* Assets.xcassets */,
				BF18007A2836160600C6FCCE /* Preview Content */,
			);
			path = Valogent;
			sourceTree = "<group>";
		};
		BF18007A2836160600C6FCCE /* Preview Content */ = {
			isa = PBXGroup;
			children = (
				BF18007B2836160600C6FCCE /* Preview Assets.xcassets */,
			);
			path = "Preview Content";
			sourceTree = "<group>";
		};
		BF180084283636D200C6FCCE /* Views */ = {
			isa = PBXGroup;
			children = (
				BF18009928373A6900C6FCCE /* Home */,
				BF1800962836820000C6FCCE /* Profile */,
				BF1800762836160300C6FCCE /* ContentView.swift */,
			);
			path = Views;
			sourceTree = "<group>";
		};
		BF1800962836820000C6FCCE /* Profile */ = {
			isa = PBXGroup;
			children = (
				BF1800822836305B00C6FCCE /* ProfileView.swift */,
				BF1800972836822300C6FCCE /* ProfileCareerCardView.swift */,
			);
			path = Profile;
			sourceTree = "<group>";
		};
		BF18009928373A6900C6FCCE /* Home */ = {
			isa = PBXGroup;
			children = (
				BF18009428365F0800C6FCCE /* HomeView.swift */,
			);
			path = Home;
			sourceTree = "<group>";
		};
		BF18009A28373A7900C6FCCE /* Models */ = {
			isa = PBXGroup;
			children = (
				BF18009B2838794200C6FCCE /* ModelData.swift */,
				BF18009D28387A4F00C6FCCE /* AgentData.swift */,
			);
			path = Models;
			sourceTree = "<group>";
		};
		BF91B15B283A4F9A002223B1 /* Helpers */ = {
			isa = PBXGroup;
			children = (
				BF91B15C283A4FB0002223B1 /* FavoriteButton.swift */,
				BF1FD879283A70E1007ED618 /* IndexCollection.swift */,
			);
			path = Helpers;
			sourceTree = "<group>";
		};
/* End PBXGroup section */

/* Begin PBXNativeTarget section */
		BF1800702836160300C6FCCE /* Valogent */ = {
			isa = PBXNativeTarget;
			buildConfigurationList = BF18007F2836160600C6FCCE /* Build configuration list for PBXNativeTarget "Valogent" */;
			buildPhases = (
				BF18006D2836160300C6FCCE /* Sources */,
				BF18006E2836160300C6FCCE /* Frameworks */,
				BF18006F2836160300C6FCCE /* Resources */,
			);
			buildRules = (
			);
			dependencies = (
			);
			name = Valogent;
			productName = Valogent;
			productReference = BF1800712836160300C6FCCE /* Valogent.app */;
			productType = "com.apple.product-type.application";
		};
/* End PBXNativeTarget section */

/* Begin PBXProject section */
		BF1800692836160300C6FCCE /* Project object */ = {
			isa = PBXProject;
			attributes = {
				BuildIndependentTargetsInParallel = 1;
				LastSwiftUpdateCheck = 1330;
				LastUpgradeCheck = 1330;
				TargetAttributes = {
					BF1800702836160300C6FCCE = {
						CreatedOnToolsVersion = 13.3.1;
					};
				};
			};
			buildConfigurationList = BF18006C2836160300C6FCCE /* Build configuration list for PBXProject "Valogent" */;
			compatibilityVersion = "Xcode 13.0";
			developmentRegion = en;
			hasScannedForEncodings = 0;
			knownRegions = (
				en,
				Base,
			);
			mainGroup = BF1800682836160300C6FCCE;
			productRefGroup = BF1800722836160300C6FCCE /* Products */;
			projectDirPath = "";
			projectRoot = "";
			targets = (
				BF1800702836160300C6FCCE /* Valogent */,
			);
		};
/* End PBXProject section */

/* Begin PBXResourcesBuildPhase section */
		BF18006F2836160300C6FCCE /* Resources */ = {
			isa = PBXResourcesBuildPhase;
			buildActionMask = 2147483647;
			files = (
				BF18007C2836160600C6FCCE /* Preview Assets.xcassets in Resources */,
				BF1800792836160600C6FCCE /* Assets.xcassets in Resources */,
			);
			runOnlyForDeploymentPostprocessing = 0;
		};
/* End PBXResourcesBuildPhase section */

/* Begin PBXSourcesBuildPhase section */
		BF18006D2836160300C6FCCE /* Sources */ = {
			isa = PBXSourcesBuildPhase;
			buildActionMask = 2147483647;
			files = (
				BF18009E28387A4F00C6FCCE /* AgentData.swift in Sources */,
				BF1800772836160300C6FCCE /* ContentView.swift in Sources */,
				BF18009528365F0800C6FCCE /* HomeView.swift in Sources */,
				BF91B15D283A4FB0002223B1 /* FavoriteButton.swift in Sources */,
				BF1800832836305B00C6FCCE /* ProfileView.swift in Sources */,
				BF1800982836822300C6FCCE /* ProfileCareerCardView.swift in Sources */,
				BF1FD87A283A70E1007ED618 /* IndexCollection.swift in Sources */,
				BF1800752836160300C6FCCE /* ValogentApp.swift in Sources */,
				BF18009C2838794200C6FCCE /* ModelData.swift in Sources */,
			);
			runOnlyForDeploymentPostprocessing = 0;
		};
/* End PBXSourcesBuildPhase section */

/* Begin XCBuildConfiguration section */
		BF18007D2836160600C6FCCE /* Debug */ = {
			isa = XCBuildConfiguration;
			buildSettings = {
				ALWAYS_SEARCH_USER_PATHS = NO;
				CLANG_ANALYZER_NONNULL = YES;
				CLANG_ANALYZER_NUMBER_OBJECT_CONVERSION = YES_AGGRESSIVE;
				CLANG_CXX_LANGUAGE_STANDARD = "gnu++17";
				CLANG_ENABLE_MODULES = YES;
				CLANG_ENABLE_OBJC_ARC = YES;
				CLANG_ENABLE_OBJC_WEAK = YES;
				CLANG_WARN_BLOCK_CAPTURE_AUTORELEASING = YES;
				CLANG_WARN_BOOL_CONVERSION = YES;
				CLANG_WARN_COMMA = YES;
				CLANG_WARN_CONSTANT_CONVERSION = YES;
				CLANG_WARN_DEPRECATED_OBJC_IMPLEMENTATIONS = YES;
				CLANG_WARN_DIRECT_OBJC_ISA_USAGE = YES_ERROR;
				CLANG_WARN_DOCUMENTATION_COMMENTS = YES;
				CLANG_WARN_EMPTY_BODY = YES;
				CLANG_WARN_ENUM_CONVERSION = YES;
				CLANG_WARN_INFINITE_RECURSION = YES;
				CLANG_WARN_INT_CONVERSION = YES;
				CLANG_WARN_NON_LITERAL_NULL_CONVERSION = YES;
				CLANG_WARN_OBJC_IMPLICIT_RETAIN_SELF = YES;
				CLANG_WARN_OBJC_LITERAL_CONVERSION = YES;
				CLANG_WARN_OBJC_ROOT_CLASS = YES_ERROR;
				CLANG_WARN_QUOTED_INCLUDE_IN_FRAMEWORK_HEADER = YES;
				CLANG_WARN_RANGE_LOOP_ANALYSIS = YES;
				CLANG_WARN_STRICT_PROTOTYPES = YES;
				CLANG_WARN_SUSPICIOUS_MOVE = YES;
				CLANG_WARN_UNGUARDED_AVAILABILITY = YES_AGGRESSIVE;
				CLANG_WARN_UNREACHABLE_CODE = YES;
				CLANG_WARN__DUPLICATE_METHOD_MATCH = YES;
				COPY_PHASE_STRIP = NO;
				DEBUG_INFORMATION_FORMAT = dwarf;
				ENABLE_STRICT_OBJC_MSGSEND = YES;
				ENABLE_TESTABILITY = YES;
				GCC_C_LANGUAGE_STANDARD = gnu11;
				GCC_DYNAMIC_NO_PIC = NO;
				GCC_NO_COMMON_BLOCKS = YES;
				GCC_OPTIMIZATION_LEVEL = 0;
				GCC_PREPROCESSOR_DEFINITIONS = (
					"DEBUG=1",
					"$(inherited)",
				);
				GCC_WARN_64_TO_32_BIT_CONVERSION = YES;
				GCC_WARN_ABOUT_RETURN_TYPE = YES_ERROR;
				GCC_WARN_UNDECLARED_SELECTOR = YES;
				GCC_WARN_UNINITIALIZED_AUTOS = YES_AGGRESSIVE;
				GCC_WARN_UNUSED_FUNCTION = YES;
				GCC_WARN_UNUSED_VARIABLE = YES;
				IPHONEOS_DEPLOYMENT_TARGET = 15.4;
				MTL_ENABLE_DEBUG_INFO = INCLUDE_SOURCE;
				MTL_FAST_MATH = YES;
				ONLY_ACTIVE_ARCH = YES;
				SDKROOT = iphoneos;
				SWIFT_ACTIVE_COMPILATION_CONDITIONS = DEBUG;
				SWIFT_OPTIMIZATION_LEVEL = "-Onone";
			};
			name = Debug;
		};
		BF18007E2836160600C6FCCE /* Release */ = {
			isa = XCBuildConfiguration;
			buildSettings = {
				ALWAYS_SEARCH_USER_PATHS = NO;
				CLANG_ANALYZER_NONNULL = YES;
				CLANG_ANALYZER_NUMBER_OBJECT_CONVERSION = YES_AGGRESSIVE;
				CLANG_CXX_LANGUAGE_STANDARD = "gnu++17";
				CLANG_ENABLE_MODULES = YES;
				CLANG_ENABLE_OBJC_ARC = YES;
				CLANG_ENABLE_OBJC_WEAK = YES;
				CLANG_WARN_BLOCK_CAPTURE_AUTORELEASING = YES;
				CLANG_WARN_BOOL_CONVERSION = YES;
				CLANG_WARN_COMMA = YES;
				CLANG_WARN_CONSTANT_CONVERSION = YES;
				CLANG_WARN_DEPRECATED_OBJC_IMPLEMENTATIONS = YES;
				CLANG_WARN_DIRECT_OBJC_ISA_USAGE = YES_ERROR;
				CLANG_WARN_DOCUMENTATION_COMMENTS = YES;
				CLANG_WARN_EMPTY_BODY = YES;
				CLANG_WARN_ENUM_CONVERSION = YES;
				CLANG_WARN_INFINITE_RECURSION = YES;
				CLANG_WARN_INT_CONVERSION = YES;
				CLANG_WARN_NON_LITERAL_NULL_CONVERSION = YES;
				CLANG_WARN_OBJC_IMPLICIT_RETAIN_SELF = YES;
				CLANG_WARN_OBJC_LITERAL_CONVERSION = YES;
				CLANG_WARN_OBJC_ROOT_CLASS = YES_ERROR;
				CLANG_WARN_QUOTED_INCLUDE_IN_FRAMEWORK_HEADER = YES;
				CLANG_WARN_RANGE_LOOP_ANALYSIS = YES;
				CLANG_WARN_STRICT_PROTOTYPES = YES;
				CLANG_WARN_SUSPICIOUS_MOVE = YES;
				CLANG_WARN_UNGUARDED_AVAILABILITY = YES_AGGRESSIVE;
				CLANG_WARN_UNREACHABLE_CODE = YES;
				CLANG_WARN__DUPLICATE_METHOD_MATCH = YES;
				COPY_PHASE_STRIP = NO;
				DEBUG_INFORMATION_FORMAT = "dwarf-with-dsym";
				ENABLE_NS_ASSERTIONS = NO;
				ENABLE_STRICT_OBJC_MSGSEND = YES;
				GCC_C_LANGUAGE_STANDARD = gnu11;
				GCC_NO_COMMON_BLOCKS = YES;
				GCC_WARN_64_TO_32_BIT_CONVERSION = YES;
				GCC_WARN_ABOUT_RETURN_TYPE = YES_ERROR;
				GCC_WARN_UNDECLARED_SELECTOR = YES;
				GCC_WARN_UNINITIALIZED_AUTOS = YES_AGGRESSIVE;
				GCC_WARN_UNUSED_FUNCTION = YES;
				GCC_WARN_UNUSED_VARIABLE = YES;
				IPHONEOS_DEPLOYMENT_TARGET = 15.4;
				MTL_ENABLE_DEBUG_INFO = NO;
				MTL_FAST_MATH = YES;
				SDKROOT = iphoneos;
				SWIFT_COMPILATION_MODE = wholemodule;
				SWIFT_OPTIMIZATION_LEVEL = "-O";
				VALIDATE_PRODUCT = YES;
			};
			name = Release;
		};
		BF1800802836160600C6FCCE /* Debug */ = {
			isa = XCBuildConfiguration;
			buildSettings = {
				ASSETCATALOG_COMPILER_APPICON_NAME = AppIcon;
				ASSETCATALOG_COMPILER_GLOBAL_ACCENT_COLOR_NAME = AccentColor;
				CODE_SIGN_STYLE = Automatic;
				CURRENT_PROJECT_VERSION = 1;
				DEVELOPMENT_ASSET_PATHS = "\"Valogent/Preview Content\"";
				ENABLE_PREVIEWS = YES;
				GENERATE_INFOPLIST_FILE = YES;
				INFOPLIST_FILE = Valogent/Info.plist;
				INFOPLIST_KEY_UIApplicationSceneManifest_Generation = YES;
				INFOPLIST_KEY_UIApplicationSupportsIndirectInputEvents = YES;
				INFOPLIST_KEY_UILaunchScreen_Generation = YES;
				INFOPLIST_KEY_UISupportedInterfaceOrientations_iPad = "UIInterfaceOrientationPortrait UIInterfaceOrientationPortraitUpsideDown UIInterfaceOrientationLandscapeLeft UIInterfaceOrientationLandscapeRight";
				INFOPLIST_KEY_UISupportedInterfaceOrientations_iPhone = "UIInterfaceOrientationPortrait UIInterfaceOrientationLandscapeLeft UIInterfaceOrientationLandscapeRight";
				LD_RUNPATH_SEARCH_PATHS = (
					"$(inherited)",
					"@executable_path/Frameworks",
				);
				MARKETING_VERSION = 1.0;
				PRODUCT_BUNDLE_IDENTIFIER = com.timothy.Valogent;
				PRODUCT_NAME = "$(TARGET_NAME)";
				SWIFT_EMIT_LOC_STRINGS = YES;
				SWIFT_VERSION = 5.0;
				TARGETED_DEVICE_FAMILY = "1,2";
			};
			name = Debug;
		};
		BF1800812836160600C6FCCE /* Release */ = {
			isa = XCBuildConfiguration;
			buildSettings = {
				ASSETCATALOG_COMPILER_APPICON_NAME = AppIcon;
				ASSETCATALOG_COMPILER_GLOBAL_ACCENT_COLOR_NAME = AccentColor;
				CODE_SIGN_STYLE = Automatic;
				CURRENT_PROJECT_VERSION = 1;
				DEVELOPMENT_ASSET_PATHS = "\"Valogent/Preview Content\"";
				ENABLE_PREVIEWS = YES;
				GENERATE_INFOPLIST_FILE = YES;
				INFOPLIST_FILE = Valogent/Info.plist;
				INFOPLIST_KEY_UIApplicationSceneManifest_Generation = YES;
				INFOPLIST_KEY_UIApplicationSupportsIndirectInputEvents = YES;
				INFOPLIST_KEY_UILaunchScreen_Generation = YES;
				INFOPLIST_KEY_UISupportedInterfaceOrientations_iPad = "UIInterfaceOrientationPortrait UIInterfaceOrientationPortraitUpsideDown UIInterfaceOrientationLandscapeLeft UIInterfaceOrientationLandscapeRight";
				INFOPLIST_KEY_UISupportedInterfaceOrientations_iPhone = "UIInterfaceOrientationPortrait UIInterfaceOrientationLandscapeLeft UIInterfaceOrientationLandscapeRight";
				LD_RUNPATH_SEARCH_PATHS = (
					"$(inherited)",
					"@executable_path/Frameworks",
				);
				MARKETING_VERSION = 1.0;
				PRODUCT_BUNDLE_IDENTIFIER = com.timothy.Valogent;
				PRODUCT_NAME = "$(TARGET_NAME)";
				SWIFT_EMIT_LOC_STRINGS = YES;
				SWIFT_VERSION = 5.0;
				TARGETED_DEVICE_FAMILY = "1,2";
			};
			name = Release;
		};
/* End XCBuildConfiguration section */

/* Begin XCConfigurationList section */
		BF18006C2836160300C6FCCE /* Build configuration list for PBXProject "Valogent" */ = {
			isa = XCConfigurationList;
			buildConfigurations = (
				BF18007D2836160600C6FCCE /* Debug */,
				BF18007E2836160600C6FCCE /* Release */,
			);
			defaultConfigurationIsVisible = 0;
			defaultConfigurationName = Release;
		};
		BF18007F2836160600C6FCCE /* Build configuration list for PBXNativeTarget "Valogent" */ = {
			isa = XCConfigurationList;
			buildConfigurations = (
				BF1800802836160600C6FCCE /* Debug */,
				BF1800812836160600C6FCCE /* Release */,
			);
			defaultConfigurationIsVisible = 0;
			defaultConfigurationName = Release;
		};
/* End XCConfigurationList section */
	};
	rootObject = BF1800692836160300C6FCCE /* Project object */;
}
